// !$*UTF8*$!
{
	archiveVersion = 1;
	classes = {
	};
	objectVersion = 46;
	objects = {

/* Begin PBXBuildFile section */
		1A1D64191CB99F1900661983 /* Assignment1.cpp in Sources */ = {isa = PBXBuildFile; fileRef = 1A1D64161CB99F1900661983 /* Assignment1.cpp */; };
		1A1D641A1CB99F1900661983 /* main.cpp in Sources */ = {isa = PBXBuildFile; fileRef = 1A1D64181CB99F1900661983 /* main.cpp */; };
		1A4282481CC70B1E005C4CDC /* exerSingleton.cpp in Sources */ = {isa = PBXBuildFile; fileRef = 1A4282461CC70B1E005C4CDC /* exerSingleton.cpp */; };
		1A42824B1CC70C83005C4CDC /* singletonErrorLog.cpp in Sources */ = {isa = PBXBuildFile; fileRef = 1A4282491CC70C83005C4CDC /* singletonErrorLog.cpp */; };
		1A4EA4DE1CBC5D640060F2BB /* stdLibraryClass.cpp in Sources */ = {isa = PBXBuildFile; fileRef = 1A4EA4DC1CBC5D640060F2BB /* stdLibraryClass.cpp */; };
		1A4EA4E41CBC66EC0060F2BB /* stdVectors.cpp in Sources */ = {isa = PBXBuildFile; fileRef = 1A4EA4E21CBC66EC0060F2BB /* stdVectors.cpp */; };
		1A4EA4E71CBC81440060F2BB /* Assignment2.cpp in Sources */ = {isa = PBXBuildFile; fileRef = 1A4EA4E51CBC81440060F2BB /* Assignment2.cpp */; };
		1A98E80D1CC5A8A200DC1717 /* proxyAssignment.cpp in Sources */ = {isa = PBXBuildFile; fileRef = 1A98E80B1CC5A8A200DC1717 /* proxyAssignment.cpp */; };
		1A98E8111CC5ACA000DC1717 /* Interface.cpp in Sources */ = {isa = PBXBuildFile; fileRef = 1A98E80F1CC5ACA000DC1717 /* Interface.cpp */; };
/* End PBXBuildFile section */

/* Begin PBXCopyFilesBuildPhase section */
		1A1D640A1CB99EEA00661983 /* CopyFiles */ = {
			isa = PBXCopyFilesBuildPhase;
			buildActionMask = 2147483647;
			dstPath = /usr/share/man/man1/;
			dstSubfolderSpec = 0;
			files = (
			);
			runOnlyForDeploymentPostprocessing = 1;
		};
/* End PBXCopyFilesBuildPhase section */

/* Begin PBXFileReference section */
		1A1D640C1CB99EEA00661983 /* ADP_Projects */ = {isa = PBXFileReference; explicitFileType = "compiled.mach-o.executable"; includeInIndex = 0; path = ADP_Projects; sourceTree = BUILT_PRODUCTS_DIR; };
		1A1D64161CB99F1900661983 /* Assignment1.cpp */ = {isa = PBXFileReference; fileEncoding = 4; lastKnownFileType = sourcecode.cpp.cpp; path = Assignment1.cpp; sourceTree = "<group>"; };
		1A1D64171CB99F1900661983 /* Assignment1.hpp */ = {isa = PBXFileReference; fileEncoding = 4; lastKnownFileType = sourcecode.cpp.h; path = Assignment1.hpp; sourceTree = "<group>"; };
		1A1D64181CB99F1900661983 /* main.cpp */ = {isa = PBXFileReference; fileEncoding = 4; lastKnownFileType = sourcecode.cpp.cpp; path = main.cpp; sourceTree = "<group>"; };
		1A4282461CC70B1E005C4CDC /* exerSingleton.cpp */ = {isa = PBXFileReference; fileEncoding = 4; lastKnownFileType = sourcecode.cpp.cpp; path = exerSingleton.cpp; sourceTree = "<group>"; };
		1A4282471CC70B1E005C4CDC /* exerSingleton.hpp */ = {isa = PBXFileReference; fileEncoding = 4; lastKnownFileType = sourcecode.cpp.h; path = exerSingleton.hpp; sourceTree = "<group>"; };
		1A4282491CC70C83005C4CDC /* singletonErrorLog.cpp */ = {isa = PBXFileReference; fileEncoding = 4; lastKnownFileType = sourcecode.cpp.cpp; path = singletonErrorLog.cpp; sourceTree = "<group>"; };
		1A42824A1CC70C83005C4CDC /* singletonErrorLog.hpp */ = {isa = PBXFileReference; fileEncoding = 4; lastKnownFileType = sourcecode.cpp.h; path = singletonErrorLog.hpp; sourceTree = "<group>"; };
		1A4EA4DC1CBC5D640060F2BB /* stdLibraryClass.cpp */ = {isa = PBXFileReference; fileEncoding = 4; lastKnownFileType = sourcecode.cpp.cpp; path = stdLibraryClass.cpp; sourceTree = "<group>"; };
		1A4EA4DD1CBC5D640060F2BB /* stdLibraryClass.hpp */ = {isa = PBXFileReference; fileEncoding = 4; lastKnownFileType = sourcecode.cpp.h; path = stdLibraryClass.hpp; sourceTree = "<group>"; };
		1A4EA4E21CBC66EC0060F2BB /* stdVectors.cpp */ = {isa = PBXFileReference; fileEncoding = 4; lastKnownFileType = sourcecode.cpp.cpp; name = stdVectors.cpp; path = ../stdVectors.cpp; sourceTree = "<group>"; };
		1A4EA4E31CBC66EC0060F2BB /* stdVectors.hpp */ = {isa = PBXFileReference; fileEncoding = 4; lastKnownFileType = sourcecode.cpp.h; name = stdVectors.hpp; path = ../stdVectors.hpp; sourceTree = "<group>"; };
		1A4EA4E51CBC81440060F2BB /* Assignment2.cpp */ = {isa = PBXFileReference; fileEncoding = 4; lastKnownFileType = sourcecode.cpp.cpp; path = Assignment2.cpp; sourceTree = "<group>"; };
		1A4EA4E61CBC81440060F2BB /* Assignment2.hpp */ = {isa = PBXFileReference; fileEncoding = 4; lastKnownFileType = sourcecode.cpp.h; path = Assignment2.hpp; sourceTree = "<group>"; };
		1A98E80B1CC5A8A200DC1717 /* proxyAssignment.cpp */ = {isa = PBXFileReference; fileEncoding = 4; lastKnownFileType = sourcecode.cpp.cpp; path = proxyAssignment.cpp; sourceTree = "<group>"; };
		1A98E80C1CC5A8A200DC1717 /* proxyAssignment.hpp */ = {isa = PBXFileReference; fileEncoding = 4; lastKnownFileType = sourcecode.cpp.h; path = proxyAssignment.hpp; sourceTree = "<group>"; };
		1A98E80E1CC5AA6C00DC1717 /* Implementation.h */ = {isa = PBXFileReference; lastKnownFileType = sourcecode.c.h; path = Implementation.h; sourceTree = "<group>"; };
		1A98E80F1CC5ACA000DC1717 /* Interface.cpp */ = {isa = PBXFileReference; fileEncoding = 4; lastKnownFileType = sourcecode.cpp.cpp; path = Interface.cpp; sourceTree = "<group>"; };
		1A98E8101CC5ACA000DC1717 /* Interface.h */ = {isa = PBXFileReference; fileEncoding = 4; lastKnownFileType = sourcecode.c.h; path = Interface.h; sourceTree = "<group>"; };
/* End PBXFileReference section */

/* Begin PBXFrameworksBuildPhase section */
		1A1D64091CB99EEA00661983 /* Frameworks */ = {
			isa = PBXFrameworksBuildPhase;
			buildActionMask = 2147483647;
			files = (
			);
			runOnlyForDeploymentPostprocessing = 0;
		};
/* End PBXFrameworksBuildPhase section */

/* Begin PBXGroup section */
		1A1D64031CB99EEA00661983 = {
			isa = PBXGroup;
			children = (
				1A1D640E1CB99EEA00661983 /* ADP_Projects */,
				1A1D640D1CB99EEA00661983 /* Products */,
			);
			sourceTree = "<group>";
		};
		1A1D640D1CB99EEA00661983 /* Products */ = {
			isa = PBXGroup;
			children = (
				1A1D640C1CB99EEA00661983 /* ADP_Projects */,
			);
			name = Products;
			sourceTree = "<group>";
		};
		1A1D640E1CB99EEA00661983 /* ADP_Projects */ = {
			isa = PBXGroup;
			children = (
				1A1D64161CB99F1900661983 /* Assignment1.cpp */,
				1A1D64171CB99F1900661983 /* Assignment1.hpp */,
				1A1D64181CB99F1900661983 /* main.cpp */,
				1A4EA4DC1CBC5D640060F2BB /* stdLibraryClass.cpp */,
				1A4EA4DD1CBC5D640060F2BB /* stdLibraryClass.hpp */,
				1A4EA4E21CBC66EC0060F2BB /* stdVectors.cpp */,
				1A4EA4E31CBC66EC0060F2BB /* stdVectors.hpp */,
				1A4EA4E51CBC81440060F2BB /* Assignment2.cpp */,
				1A98E80B1CC5A8A200DC1717 /* proxyAssignment.cpp */,
				1A4282461CC70B1E005C4CDC /* exerSingleton.cpp */,
				1A4282471CC70B1E005C4CDC /* exerSingleton.hpp */,
				1A98E80C1CC5A8A200DC1717 /* proxyAssignment.hpp */,
				1A4EA4E61CBC81440060F2BB /* Assignment2.hpp */,
				1A98E80E1CC5AA6C00DC1717 /* Implementation.h */,
				1A98E80F1CC5ACA000DC1717 /* Interface.cpp */,
				1A98E8101CC5ACA000DC1717 /* Interface.h */,
				1A4282491CC70C83005C4CDC /* singletonErrorLog.cpp */,
				1A42824A1CC70C83005C4CDC /* singletonErrorLog.hpp */,
			);
			path = ADP_Projects;
			sourceTree = "<group>";
		};
/* End PBXGroup section */

/* Begin PBXNativeTarget section */
		1A1D640B1CB99EEA00661983 /* ADP_Projects */ = {
			isa = PBXNativeTarget;
			buildConfigurationList = 1A1D64131CB99EEA00661983 /* Build configuration list for PBXNativeTarget "ADP_Projects" */;
			buildPhases = (
				1A1D64081CB99EEA00661983 /* Sources */,
				1A1D64091CB99EEA00661983 /* Frameworks */,
				1A1D640A1CB99EEA00661983 /* CopyFiles */,
			);
			buildRules = (
			);
			dependencies = (
			);
			name = ADP_Projects;
			productName = ADP_Projects;
			productReference = 1A1D640C1CB99EEA00661983 /* ADP_Projects */;
			productType = "com.apple.product-type.tool";
		};
/* End PBXNativeTarget section */

/* Begin PBXProject section */
		1A1D64041CB99EEA00661983 /* Project object */ = {
			isa = PBXProject;
			attributes = {
				LastUpgradeCheck = 0730;
				ORGANIZATIONNAME = Capotasto;
				TargetAttributes = {
					1A1D640B1CB99EEA00661983 = {
						CreatedOnToolsVersion = 7.3;
					};
				};
			};
			buildConfigurationList = 1A1D64071CB99EEA00661983 /* Build configuration list for PBXProject "ADP_Projects" */;
			compatibilityVersion = "Xcode 3.2";
			developmentRegion = English;
			hasScannedForEncodings = 0;
			knownRegions = (
				en,
			);
			mainGroup = 1A1D64031CB99EEA00661983;
			productRefGroup = 1A1D640D1CB99EEA00661983 /* Products */;
			projectDirPath = "";
			projectRoot = "";
			targets = (
				1A1D640B1CB99EEA00661983 /* ADP_Projects */,
			);
		};
/* End PBXProject section */

/* Begin PBXSourcesBuildPhase section */
		1A1D64081CB99EEA00661983 /* Sources */ = {
			isa = PBXSourcesBuildPhase;
			buildActionMask = 2147483647;
			files = (
				1A98E8111CC5ACA000DC1717 /* Interface.cpp in Sources */,
				1A4282481CC70B1E005C4CDC /* exerSingleton.cpp in Sources */,
				1A4EA4E41CBC66EC0060F2BB /* stdVectors.cpp in Sources */,
				1A98E80D1CC5A8A200DC1717 /* proxyAssignment.cpp in Sources */,
				1A1D64191CB99F1900661983 /* Assignment1.cpp in Sources */,
				1A1D641A1CB99F1900661983 /* main.cpp in Sources */,
				1A4EA4DE1CBC5D640060F2BB /* stdLibraryClass.cpp in Sources */,
				1A42824B1CC70C83005C4CDC /* singletonErrorLog.cpp in Sources */,
				1A4EA4E71CBC81440060F2BB /* Assignment2.cpp in Sources */,
			);
			runOnlyForDeploymentPostprocessing = 0;
		};
/* End PBXSourcesBuildPhase section */

/* Begin XCBuildConfiguration section */
		1A1D64111CB99EEA00661983 /* Debug */ = {
			isa = XCBuildConfiguration;
			buildSettings = {
				ALWAYS_SEARCH_USER_PATHS = NO;
				CLANG_ANALYZER_NONNULL = YES;
				CLANG_CXX_LANGUAGE_STANDARD = "gnu++0x";
				CLANG_CXX_LIBRARY = "libc++";
				CLANG_ENABLE_MODULES = YES;
				CLANG_ENABLE_OBJC_ARC = YES;
				CLANG_WARN_BOOL_CONVERSION = YES;
				CLANG_WARN_CONSTANT_CONVERSION = YES;
				CLANG_WARN_DIRECT_OBJC_ISA_USAGE = YES_ERROR;
				CLANG_WARN_EMPTY_BODY = YES;
				CLANG_WARN_ENUM_CONVERSION = YES;
				CLANG_WARN_INT_CONVERSION = YES;
				CLANG_WARN_OBJC_ROOT_CLASS = YES_ERROR;
				CLANG_WARN_UNREACHABLE_CODE = YES;
				CLANG_WARN__DUPLICATE_METHOD_MATCH = YES;
				CODE_SIGN_IDENTITY = "-";
				COPY_PHASE_STRIP = NO;
				DEBUG_INFORMATION_FORMAT = dwarf;
				ENABLE_STRICT_OBJC_MSGSEND = YES;
				ENABLE_TESTABILITY = YES;
				GCC_C_LANGUAGE_STANDARD = gnu99;
				GCC_DYNAMIC_NO_PIC = NO;
				GCC_NO_COMMON_BLOCKS = YES;
				GCC_OPTIMIZATION_LEVEL = 0;
				GCC_PREPROCESSOR_DEFINITIONS = (
					"DEBUG=1",
					"$(inherited)",
				);
				GCC_WARN_64_TO_32_BIT_CONVERSION = YES;
				GCC_WARN_ABOUT_RETURN_TYPE = YES_ERROR;
				GCC_WARN_UNDECLARED_SELECTOR = YES;
				GCC_WARN_UNINITIALIZED_AUTOS = YES_AGGRESSIVE;
				GCC_WARN_UNUSED_FUNCTION = YES;
				GCC_WARN_UNUSED_VARIABLE = YES;
				MACOSX_DEPLOYMENT_TARGET = 10.11;
				MTL_ENABLE_DEBUG_INFO = YES;
				ONLY_ACTIVE_ARCH = YES;
				SDKROOT = macosx;
			};
			name = Debug;
		};
		1A1D64121CB99EEA00661983 /* Release */ = {
			isa = XCBuildConfiguration;
			buildSettings = {
				ALWAYS_SEARCH_USER_PATHS = NO;
				CLANG_ANALYZER_NONNULL = YES;
				CLANG_CXX_LANGUAGE_STANDARD = "gnu++0x";
				CLANG_CXX_LIBRARY = "libc++";
				CLANG_ENABLE_MODULES = YES;
				CLANG_ENABLE_OBJC_ARC = YES;
				CLANG_WARN_BOOL_CONVERSION = YES;
				CLANG_WARN_CONSTANT_CONVERSION = YES;
				CLANG_WARN_DIRECT_OBJC_ISA_USAGE = YES_ERROR;
				CLANG_WARN_EMPTY_BODY = YES;
				CLANG_WARN_ENUM_CONVERSION = YES;
				CLANG_WARN_INT_CONVERSION = YES;
				CLANG_WARN_OBJC_ROOT_CLASS = YES_ERROR;
				CLANG_WARN_UNREACHABLE_CODE = YES;
				CLANG_WARN__DUPLICATE_METHOD_MATCH = YES;
				CODE_SIGN_IDENTITY = "-";
				COPY_PHASE_STRIP = NO;
				DEBUG_INFORMATION_FORMAT = "dwarf-with-dsym";
				ENABLE_NS_ASSERTIONS = NO;
				ENABLE_STRICT_OBJC_MSGSEND = YES;
				GCC_C_LANGUAGE_STANDARD = gnu99;
				GCC_NO_COMMON_BLOCKS = YES;
				GCC_WARN_64_TO_32_BIT_CONVERSION = YES;
				GCC_WARN_ABOUT_RETURN_TYPE = YES_ERROR;
				GCC_WARN_UNDECLARED_SELECTOR = YES;
				GCC_WARN_UNINITIALIZED_AUTOS = YES_AGGRESSIVE;
				GCC_WARN_UNUSED_FUNCTION = YES;
				GCC_WARN_UNUSED_VARIABLE = YES;
				MACOSX_DEPLOYMENT_TARGET = 10.11;
				MTL_ENABLE_DEBUG_INFO = NO;
				SDKROOT = macosx;
			};
			name = Release;
		};
		1A1D64141CB99EEA00661983 /* Debug */ = {
			isa = XCBuildConfiguration;
			buildSettings = {
				PRODUCT_NAME = "$(TARGET_NAME)";
			};
			name = Debug;
		};
		1A1D64151CB99EEA00661983 /* Release */ = {
			isa = XCBuildConfiguration;
			buildSettings = {
				PRODUCT_NAME = "$(TARGET_NAME)";
			};
			name = Release;
		};
/* End XCBuildConfiguration section */

/* Begin XCConfigurationList section */
		1A1D64071CB99EEA00661983 /* Build configuration list for PBXProject "ADP_Projects" */ = {
			isa = XCConfigurationList;
			buildConfigurations = (
				1A1D64111CB99EEA00661983 /* Debug */,
				1A1D64121CB99EEA00661983 /* Release */,
			);
			defaultConfigurationIsVisible = 0;
			defaultConfigurationName = Release;
		};
		1A1D64131CB99EEA00661983 /* Build configuration list for PBXNativeTarget "ADP_Projects" */ = {
			isa = XCConfigurationList;
			buildConfigurations = (
				1A1D64141CB99EEA00661983 /* Debug */,
				1A1D64151CB99EEA00661983 /* Release */,
			);
			defaultConfigurationIsVisible = 0;
			defaultConfigurationName = Release;
		};
/* End XCConfigurationList section */
	};
	rootObject = 1A1D64041CB99EEA00661983 /* Project object */;
}
